
Microsoft Visual Studio Solution File, Format Version 12.00
# Visual Studio Version 17
VisualStudioVersion = 17.9.34728.123
MinimumVisualStudioVersion = 10.0.40219.1
Project("{9A19103F-16F7-4668-BE54-9A1E7A4F7556}") = "FeniksServerSide", "FeniksServerSide\FeniksServerSide.csproj", "{9CAA696A-AC64-4CDB-894D-A514FB78C866}"
EndProject
Project("{FAE04EC0-301F-11D3-BF4B-00C04F79EFBC}") = "InthouseAPI", "InthouseAPI\InthouseAPI.csproj", "{709AF9A8-18CF-4F18-BF7B-38233A3930B5}"
EndProject
Project("{FAE04EC0-301F-11D3-BF4B-00C04F79EFBC}") = "dbInthouseContext", "dbInthouseContext\dbInthouseContext.csproj", "{FB1C3463-6D2A-4FCD-AEED-9D9A22FC00C7}"
EndProject
Global
	GlobalSection(SolutionConfigurationPlatforms) = preSolution
		Debug|Any CPU = Debug|Any CPU
		Release|Any CPU = Release|Any CPU
	EndGlobalSection
	GlobalSection(ProjectConfigurationPlatforms) = postSolution
		{9CAA696A-AC64-4CDB-894D-A514FB78C866}.Debug|Any CPU.ActiveCfg = Debug|Any CPU
		{9CAA696A-AC64-4CDB-894D-A514FB78C866}.Debug|Any CPU.Build.0 = Debug|Any CPU
		{9CAA696A-AC64-4CDB-894D-A514FB78C866}.Release|Any CPU.ActiveCfg = Release|Any CPU
		{9CAA696A-AC64-4CDB-894D-A514FB78C866}.Release|Any CPU.Build.0 = Release|Any CPU
		{709AF9A8-18CF-4F18-BF7B-38233A3930B5}.Debug|Any CPU.ActiveCfg = Debug|Any CPU
		{709AF9A8-18CF-4F18-BF7B-38233A3930B5}.Debug|Any CPU.Build.0 = Debug|Any CPU
		{709AF9A8-18CF-4F18-BF7B-38233A3930B5}.Release|Any CPU.ActiveCfg = Release|Any CPU
		{709AF9A8-18CF-4F18-BF7B-38233A3930B5}.Release|Any CPU.Build.0 = Release|Any CPU
		{FB1C3463-6D2A-4FCD-AEED-9D9A22FC00C7}.Debug|Any CPU.ActiveCfg = Debug|Any CPU
		{FB1C3463-6D2A-4FCD-AEED-9D9A22FC00C7}.Debug|Any CPU.Build.0 = Debug|Any CPU
		{FB1C3463-6D2A-4FCD-AEED-9D9A22FC00C7}.Release|Any CPU.ActiveCfg = Release|Any CPU
		{FB1C3463-6D2A-4FCD-AEED-9D9A22FC00C7}.Release|Any CPU.Build.0 = Release|Any CPU
	EndGlobalSection
	GlobalSection(SolutionProperties) = preSolution
		HideSolutionNode = FALSE
	EndGlobalSection
	GlobalSection(ExtensibilityGlobals) = postSolution
		SolutionGuid = {3281BE86-1330-465F-A017-2207343D542B}
	EndGlobalSection
EndGlobal
